// !$*UTF8*$!
{
	archiveVersion = 1;
	classes = {
	};
	objectVersion = 55;
	objects = {

/* Begin PBXBuildFile section */
		17139D3D283EA858000AEFB0 /* AppDelegate.swift in Sources */ = {isa = PBXBuildFile; fileRef = 17139D3C283EA858000AEFB0 /* AppDelegate.swift */; };
		17139D3F283EA858000AEFB0 /* SceneDelegate.swift in Sources */ = {isa = PBXBuildFile; fileRef = 17139D3E283EA858000AEFB0 /* SceneDelegate.swift */; };
		17139D41283EA858000AEFB0 /* ViewController.swift in Sources */ = {isa = PBXBuildFile; fileRef = 17139D40283EA858000AEFB0 /* ViewController.swift */; };
		17139D44283EA858000AEFB0 /* Main.storyboard in Resources */ = {isa = PBXBuildFile; fileRef = 17139D42283EA858000AEFB0 /* Main.storyboard */; };
		17139D46283EA85B000AEFB0 /* Assets.xcassets in Resources */ = {isa = PBXBuildFile; fileRef = 17139D45283EA85B000AEFB0 /* Assets.xcassets */; };
		17139D49283EA85B000AEFB0 /* LaunchScreen.storyboard in Resources */ = {isa = PBXBuildFile; fileRef = 17139D47283EA85B000AEFB0 /* LaunchScreen.storyboard */; };
		17139D51283EAD5A000AEFB0 /* WeatherManager.swift in Sources */ = {isa = PBXBuildFile; fileRef = 17139D50283EAD5A000AEFB0 /* WeatherManager.swift */; };
		17139D54283EAD6E000AEFB0 /* WeatherData.swift in Sources */ = {isa = PBXBuildFile; fileRef = 17139D53283EAD6E000AEFB0 /* WeatherData.swift */; };
/* End PBXBuildFile section */

/* Begin PBXFileReference section */
		17139D39283EA858000AEFB0 /* App3x 8.1 Clima.app */ = {isa = PBXFileReference; explicitFileType = wrapper.application; includeInIndex = 0; path = "App3x 8.1 Clima.app"; sourceTree = BUILT_PRODUCTS_DIR; };
		17139D3C283EA858000AEFB0 /* AppDelegate.swift */ = {isa = PBXFileReference; lastKnownFileType = sourcecode.swift; path = AppDelegate.swift; sourceTree = "<group>"; };
		17139D3E283EA858000AEFB0 /* SceneDelegate.swift */ = {isa = PBXFileReference; lastKnownFileType = sourcecode.swift; path = SceneDelegate.swift; sourceTree = "<group>"; };
		17139D40283EA858000AEFB0 /* ViewController.swift */ = {isa = PBXFileReference; lastKnownFileType = sourcecode.swift; path = ViewController.swift; sourceTree = "<group>"; };
		17139D43283EA858000AEFB0 /* Base */ = {isa = PBXFileReference; lastKnownFileType = file.storyboard; name = Base; path = Base.lproj/Main.storyboard; sourceTree = "<group>"; };
		17139D45283EA85B000AEFB0 /* Assets.xcassets */ = {isa = PBXFileReference; lastKnownFileType = folder.assetcatalog; path = Assets.xcassets; sourceTree = "<group>"; };
		17139D48283EA85B000AEFB0 /* Base */ = {isa = PBXFileReference; lastKnownFileType = file.storyboard; name = Base; path = Base.lproj/LaunchScreen.storyboard; sourceTree = "<group>"; };
		17139D4A283EA85B000AEFB0 /* Info.plist */ = {isa = PBXFileReference; lastKnownFileType = text.plist.xml; path = Info.plist; sourceTree = "<group>"; };
		17139D50283EAD5A000AEFB0 /* WeatherManager.swift */ = {isa = PBXFileReference; lastKnownFileType = sourcecode.swift; path = WeatherManager.swift; sourceTree = "<group>"; };
		17139D53283EAD6E000AEFB0 /* WeatherData.swift */ = {isa = PBXFileReference; lastKnownFileType = sourcecode.swift; path = WeatherData.swift; sourceTree = "<group>"; };
/* End PBXFileReference section */

/* Begin PBXFrameworksBuildPhase section */
		17139D36283EA858000AEFB0 /* Frameworks */ = {
			isa = PBXFrameworksBuildPhase;
			buildActionMask = 2147483647;
			files = (
			);
			runOnlyForDeploymentPostprocessing = 0;
		};
/* End PBXFrameworksBuildPhase section */

/* Begin PBXGroup section */
		17139D30283EA858000AEFB0 = {
			isa = PBXGroup;
			children = (
				17139D3B283EA858000AEFB0 /* App3x 8.1 Clima */,
				17139D3A283EA858000AEFB0 /* Products */,
			);
			sourceTree = "<group>";
		};
		17139D3A283EA858000AEFB0 /* Products */ = {
			isa = PBXGroup;
			children = (
				17139D39283EA858000AEFB0 /* App3x 8.1 Clima.app */,
			);
			name = Products;
			sourceTree = "<group>";
		};
		17139D3B283EA858000AEFB0 /* App3x 8.1 Clima */ = {
			isa = PBXGroup;
			children = (
				17139D3C283EA858000AEFB0 /* AppDelegate.swift */,
				17139D3E283EA858000AEFB0 /* SceneDelegate.swift */,
				17139D52283EAD60000AEFB0 /* Model */,
				174CA2E42841003E00E61A4C /* View */,
				174CA2E32841003200E61A4C /* Controller */,
				17139D45283EA85B000AEFB0 /* Assets.xcassets */,
				17139D47283EA85B000AEFB0 /* LaunchScreen.storyboard */,
				17139D4A283EA85B000AEFB0 /* Info.plist */,
			);
			path = "App3x 8.1 Clima";
			sourceTree = "<group>";
		};
		17139D52283EAD60000AEFB0 /* Model */ = {
			isa = PBXGroup;
			children = (
				17139D50283EAD5A000AEFB0 /* WeatherManager.swift */,
				17139D53283EAD6E000AEFB0 /* WeatherData.swift */,
			);
			path = Model;
			sourceTree = "<group>";
		};
		174CA2E32841003200E61A4C /* Controller */ = {
			isa = PBXGroup;
			children = (
				17139D40283EA858000AEFB0 /* ViewController.swift */,
			);
			path = Controller;
			sourceTree = "<group>";
		};
		174CA2E42841003E00E61A4C /* View */ = {
			isa = PBXGroup;
			children = (
				17139D42283EA858000AEFB0 /* Main.storyboard */,
			);
			path = View;
			sourceTree = "<group>";
		};
/* End PBXGroup section */

/* Begin PBXNativeTarget section */
		17139D38283EA858000AEFB0 /* App3x 8.1 Clima */ = {
			isa = PBXNativeTarget;
			buildConfigurationList = 17139D4D283EA85B000AEFB0 /* Build configuration list for PBXNativeTarget "App3x 8.1 Clima" */;
			buildPhases = (
				17139D35283EA858000AEFB0 /* Sources */,
				17139D36283EA858000AEFB0 /* Frameworks */,
				17139D37283EA858000AEFB0 /* Resources */,
			);
			buildRules = (
			);
			dependencies = (
			);
			name = "App3x 8.1 Clima";
			productName = "App3x 8.1 Clima";
			productReference = 17139D39283EA858000AEFB0 /* App3x 8.1 Clima.app */;
			productType = "com.apple.product-type.application";
		};
/* End PBXNativeTarget section */

/* Begin PBXProject section */
		17139D31283EA858000AEFB0 /* Project object */ = {
			isa = PBXProject;
			attributes = {
				BuildIndependentTargetsInParallel = 1;
				LastSwiftUpdateCheck = 1320;
				LastUpgradeCheck = 1320;
				TargetAttributes = {
					17139D38283EA858000AEFB0 = {
						CreatedOnToolsVersion = 13.2.1;
					};
				};
			};
			buildConfigurationList = 17139D34283EA858000AEFB0 /* Build configuration list for PBXProject "App3x 8.1 Clima" */;
			compatibilityVersion = "Xcode 13.0";
			developmentRegion = en;
			hasScannedForEncodings = 0;
			knownRegions = (
				en,
				Base,
			);
			mainGroup = 17139D30283EA858000AEFB0;
			productRefGroup = 17139D3A283EA858000AEFB0 /* Products */;
			projectDirPath = "";
			projectRoot = "";
			targets = (
				17139D38283EA858000AEFB0 /* App3x 8.1 Clima */,
			);
		};
/* End PBXProject section */

/* Begin PBXResourcesBuildPhase section */
		17139D37283EA858000AEFB0 /* Resources */ = {
			isa = PBXResourcesBuildPhase;
			buildActionMask = 2147483647;
			files = (
				17139D49283EA85B000AEFB0 /* LaunchScreen.storyboard in Resources */,
				17139D46283EA85B000AEFB0 /* Assets.xcassets in Resources */,
				17139D44283EA858000AEFB0 /* Main.storyboard in Resources */,
			);
			runOnlyForDeploymentPostprocessing = 0;
		};
/* End PBXResourcesBuildPhase section */

/* Begin PBXSourcesBuildPhase section */
		17139D35283EA858000AEFB0 /* Sources */ = {
			isa = PBXSourcesBuildPhase;
			buildActionMask = 2147483647;
			files = (
				17139D41283EA858000AEFB0 /* ViewController.swift in Sources */,
				17139D54283EAD6E000AEFB0 /* WeatherData.swift in Sources */,
				17139D3D283EA858000AEFB0 /* AppDelegate.swift in Sources */,
				17139D51283EAD5A000AEFB0 /* WeatherManager.swift in Sources */,
				17139D3F283EA858000AEFB0 /* SceneDelegate.swift in Sources */,
			);
			runOnlyForDeploymentPostprocessing = 0;
		};
/* End PBXSourcesBuildPhase section */

/* Begin PBXVariantGroup section */
		17139D42283EA858000AEFB0 /* Main.storyboard */ = {
			isa = PBXVariantGroup;
			children = (
				17139D43283EA858000AEFB0 /* Base */,
			);
			name = Main.storyboard;
			sourceTree = "<group>";
		};
		17139D47283EA85B000AEFB0 /* LaunchScreen.storyboard */ = {
			isa = PBXVariantGroup;
			children = (
				17139D48283EA85B000AEFB0 /* Base */,
			);
			name = LaunchScreen.storyboard;
			sourceTree = "<group>";
		};
/* End PBXVariantGroup section */

/* Begin XCBuildConfiguration section */
		17139D4B283EA85B000AEFB0 /* Debug */ = {
			isa = XCBuildConfiguration;
			buildSettings = {
				ALWAYS_SEARCH_USER_PATHS = NO;
				CLANG_ANALYZER_NONNULL = YES;
				CLANG_ANALYZER_NUMBER_OBJECT_CONVERSION = YES_AGGRESSIVE;
				CLANG_CXX_LANGUAGE_STANDARD = "gnu++17";
				CLANG_CXX_LIBRARY = "libc++";
				CLANG_ENABLE_MODULES = YES;
				CLANG_ENABLE_OBJC_ARC = YES;
				CLANG_ENABLE_OBJC_WEAK = YES;
				CLANG_WARN_BLOCK_CAPTURE_AUTORELEASING = YES;
				CLANG_WARN_BOOL_CONVERSION = YES;
				CLANG_WARN_COMMA = YES;
				CLANG_WARN_CONSTANT_CONVERSION = YES;
				CLANG_WARN_DEPRECATED_OBJC_IMPLEMENTATIONS = YES;
				CLANG_WARN_DIRECT_OBJC_ISA_USAGE = YES_ERROR;
				CLANG_WARN_DOCUMENTATION_COMMENTS = YES;
				CLANG_WARN_EMPTY_BODY = YES;
				CLANG_WARN_ENUM_CONVERSION = YES;
				CLANG_WARN_INFINITE_RECURSION = YES;
				CLANG_WARN_INT_CONVERSION = YES;
				CLANG_WARN_NON_LITERAL_NULL_CONVERSION = YES;
				CLANG_WARN_OBJC_IMPLICIT_RETAIN_SELF = YES;
				CLANG_WARN_OBJC_LITERAL_CONVERSION = YES;
				CLANG_WARN_OBJC_ROOT_CLASS = YES_ERROR;
				CLANG_WARN_QUOTED_INCLUDE_IN_FRAMEWORK_HEADER = YES;
				CLANG_WARN_RANGE_LOOP_ANALYSIS = YES;
				CLANG_WARN_STRICT_PROTOTYPES = YES;
				CLANG_WARN_SUSPICIOUS_MOVE = YES;
				CLANG_WARN_UNGUARDED_AVAILABILITY = YES_AGGRESSIVE;
				CLANG_WARN_UNREACHABLE_CODE = YES;
				CLANG_WARN__DUPLICATE_METHOD_MATCH = YES;
				COPY_PHASE_STRIP = NO;
				DEBUG_INFORMATION_FORMAT = dwarf;
				ENABLE_STRICT_OBJC_MSGSEND = YES;
				ENABLE_TESTABILITY = YES;
				GCC_C_LANGUAGE_STANDARD = gnu11;
				GCC_DYNAMIC_NO_PIC = NO;
				GCC_NO_COMMON_BLOCKS = YES;
				GCC_OPTIMIZATION_LEVEL = 0;
				GCC_PREPROCESSOR_DEFINITIONS = (
					"DEBUG=1",
					"$(inherited)",
				);
				GCC_WARN_64_TO_32_BIT_CONVERSION = YES;
				GCC_WARN_ABOUT_RETURN_TYPE = YES_ERROR;
				GCC_WARN_UNDECLARED_SELECTOR = YES;
				GCC_WARN_UNINITIALIZED_AUTOS = YES_AGGRESSIVE;
				GCC_WARN_UNUSED_FUNCTION = YES;
				GCC_WARN_UNUSED_VARIABLE = YES;
				IPHONEOS_DEPLOYMENT_TARGET = 15.2;
				MTL_ENABLE_DEBUG_INFO = INCLUDE_SOURCE;
				MTL_FAST_MATH = YES;
				ONLY_ACTIVE_ARCH = YES;
				SDKROOT = iphoneos;
				SWIFT_ACTIVE_COMPILATION_CONDITIONS = DEBUG;
				SWIFT_OPTIMIZATION_LEVEL = "-Onone";
			};
			name = Debug;
		};
		17139D4C283EA85B000AEFB0 /* Release */ = {
			isa = XCBuildConfiguration;
			buildSettings = {
				ALWAYS_SEARCH_USER_PATHS = NO;
				CLANG_ANALYZER_NONNULL = YES;
				CLANG_ANALYZER_NUMBER_OBJECT_CONVERSION = YES_AGGRESSIVE;
				CLANG_CXX_LANGUAGE_STANDARD = "gnu++17";
				CLANG_CXX_LIBRARY = "libc++";
				CLANG_ENABLE_MODULES = YES;
				CLANG_ENABLE_OBJC_ARC = YES;
				CLANG_ENABLE_OBJC_WEAK = YES;
				CLANG_WARN_BLOCK_CAPTURE_AUTORELEASING = YES;
				CLANG_WARN_BOOL_CONVERSION = YES;
				CLANG_WARN_COMMA = YES;
				CLANG_WARN_CONSTANT_CONVERSION = YES;
				CLANG_WARN_DEPRECATED_OBJC_IMPLEMENTATIONS = YES;
				CLANG_WARN_DIRECT_OBJC_ISA_USAGE = YES_ERROR;
				CLANG_WARN_DOCUMENTATION_COMMENTS = YES;
				CLANG_WARN_EMPTY_BODY = YES;
				CLANG_WARN_ENUM_CONVERSION = YES;
				CLANG_WARN_INFINITE_RECURSION = YES;
				CLANG_WARN_INT_CONVERSION = YES;
				CLANG_WARN_NON_LITERAL_NULL_CONVERSION = YES;
				CLANG_WARN_OBJC_IMPLICIT_RETAIN_SELF = YES;
				CLANG_WARN_OBJC_LITERAL_CONVERSION = YES;
				CLANG_WARN_OBJC_ROOT_CLASS = YES_ERROR;
				CLANG_WARN_QUOTED_INCLUDE_IN_FRAMEWORK_HEADER = YES;
				CLANG_WARN_RANGE_LOOP_ANALYSIS = YES;
				CLANG_WARN_STRICT_PROTOTYPES = YES;
				CLANG_WARN_SUSPICIOUS_MOVE = YES;
				CLANG_WARN_UNGUARDED_AVAILABILITY = YES_AGGRESSIVE;
				CLANG_WARN_UNREACHABLE_CODE = YES;
				CLANG_WARN__DUPLICATE_METHOD_MATCH = YES;
				COPY_PHASE_STRIP = NO;
				DEBUG_INFORMATION_FORMAT = "dwarf-with-dsym";
				ENABLE_NS_ASSERTIONS = NO;
				ENABLE_STRICT_OBJC_MSGSEND = YES;
				GCC_C_LANGUAGE_STANDARD = gnu11;
				GCC_NO_COMMON_BLOCKS = YES;
				GCC_WARN_64_TO_32_BIT_CONVERSION = YES;
				GCC_WARN_ABOUT_RETURN_TYPE = YES_ERROR;
				GCC_WARN_UNDECLARED_SELECTOR = YES;
				GCC_WARN_UNINITIALIZED_AUTOS = YES_AGGRESSIVE;
				GCC_WARN_UNUSED_FUNCTION = YES;
				GCC_WARN_UNUSED_VARIABLE = YES;
				IPHONEOS_DEPLOYMENT_TARGET = 15.2;
				MTL_ENABLE_DEBUG_INFO = NO;
				MTL_FAST_MATH = YES;
				SDKROOT = iphoneos;
				SWIFT_COMPILATION_MODE = wholemodule;
				SWIFT_OPTIMIZATION_LEVEL = "-O";
				VALIDATE_PRODUCT = YES;
			};
			name = Release;
		};
		17139D4E283EA85B000AEFB0 /* Debug */ = {
			isa = XCBuildConfiguration;
			buildSettings = {
				ASSETCATALOG_COMPILER_APPICON_NAME = AppIcon;
				ASSETCATALOG_COMPILER_GLOBAL_ACCENT_COLOR_NAME = AccentColor;
				CODE_SIGN_STYLE = Automatic;
				CURRENT_PROJECT_VERSION = 1;
				GENERATE_INFOPLIST_FILE = YES;
				INFOPLIST_FILE = "App3x 8.1 Clima/Info.plist";
				INFOPLIST_KEY_UIApplicationSupportsIndirectInputEvents = YES;
				INFOPLIST_KEY_UILaunchStoryboardName = LaunchScreen;
				INFOPLIST_KEY_UIMainStoryboardFile = Main;
				INFOPLIST_KEY_UISupportedInterfaceOrientations_iPad = "UIInterfaceOrientationPortrait UIInterfaceOrientationPortraitUpsideDown UIInterfaceOrientationLandscapeLeft UIInterfaceOrientationLandscapeRight";
				INFOPLIST_KEY_UISupportedInterfaceOrientations_iPhone = "UIInterfaceOrientationPortrait UIInterfaceOrientationLandscapeLeft UIInterfaceOrientationLandscapeRight";
				LD_RUNPATH_SEARCH_PATHS = (
					"$(inherited)",
					"@executable_path/Frameworks",
				);
				MARKETING_VERSION = 1.0;
				PRODUCT_BUNDLE_IDENTIFIER = "com.Marwan.App3x-8-1-Clima";
				PRODUCT_NAME = "$(TARGET_NAME)";
				SWIFT_EMIT_LOC_STRINGS = YES;
				SWIFT_VERSION = 5.0;
				TARGETED_DEVICE_FAMILY = "1,2";
			};
			name = Debug;
		};
		17139D4F283EA85B000AEFB0 /* Release */ = {
			isa = XCBuildConfiguration;
			buildSettings = {
				ASSETCATALOG_COMPILER_APPICON_NAME = AppIcon;
				ASSETCATALOG_COMPILER_GLOBAL_ACCENT_COLOR_NAME = AccentColor;
				CODE_SIGN_STYLE = Automatic;
				CURRENT_PROJECT_VERSION = 1;
				GENERATE_INFOPLIST_FILE = YES;
				INFOPLIST_FILE = "App3x 8.1 Clima/Info.plist";
				INFOPLIST_KEY_UIApplicationSupportsIndirectInputEvents = YES;
				INFOPLIST_KEY_UILaunchStoryboardName = LaunchScreen;
				INFOPLIST_KEY_UIMainStoryboardFile = Main;
				INFOPLIST_KEY_UISupportedInterfaceOrientations_iPad = "UIInterfaceOrientationPortrait UIInterfaceOrientationPortraitUpsideDown UIInterfaceOrientationLandscapeLeft UIInterfaceOrientationLandscapeRight";
				INFOPLIST_KEY_UISupportedInterfaceOrientations_iPhone = "UIInterfaceOrientationPortrait UIInterfaceOrientationLandscapeLeft UIInterfaceOrientationLandscapeRight";
				LD_RUNPATH_SEARCH_PATHS = (
					"$(inherited)",
					"@executable_path/Frameworks",
				);
				MARKETING_VERSION = 1.0;
				PRODUCT_BUNDLE_IDENTIFIER = "com.Marwan.App3x-8-1-Clima";
				PRODUCT_NAME = "$(TARGET_NAME)";
				SWIFT_EMIT_LOC_STRINGS = YES;
				SWIFT_VERSION = 5.0;
				TARGETED_DEVICE_FAMILY = "1,2";
			};
			name = Release;
		};
/* End XCBuildConfiguration section */

/* Begin XCConfigurationList section */
		17139D34283EA858000AEFB0 /* Build configuration list for PBXProject "App3x 8.1 Clima" */ = {
			isa = XCConfigurationList;
			buildConfigurations = (
				17139D4B283EA85B000AEFB0 /* Debug */,
				17139D4C283EA85B000AEFB0 /* Release */,
			);
			defaultConfigurationIsVisible = 0;
			defaultConfigurationName = Release;
		};
		17139D4D283EA85B000AEFB0 /* Build configuration list for PBXNativeTarget "App3x 8.1 Clima" */ = {
			isa = XCConfigurationList;
			buildConfigurations = (
				17139D4E283EA85B000AEFB0 /* Debug */,
				17139D4F283EA85B000AEFB0 /* Release */,
			);
			defaultConfigurationIsVisible = 0;
			defaultConfigurationName = Release;
		};
/* End XCConfigurationList section */
	};
	rootObject = 17139D31283EA858000AEFB0 /* Project object */;
}
